// !$*UTF8*$!
{
	archiveVersion = 1;
	classes = {
	};
	objectVersion = 56;
	objects = {

/* Begin PBXBuildFile section */
		76A35C7E2BE4998F005B7F9B /* BookListAppApp.swift in Sources */ = {isa = PBXBuildFile; fileRef = 76A35C7D2BE4998F005B7F9B /* BookListAppApp.swift */; };
		76A35C802BE4998F005B7F9B /* ContentView.swift in Sources */ = {isa = PBXBuildFile; fileRef = 76A35C7F2BE4998F005B7F9B /* ContentView.swift */; };
		76A35C822BE49992005B7F9B /* Assets.xcassets in Resources */ = {isa = PBXBuildFile; fileRef = 76A35C812BE49992005B7F9B /* Assets.xcassets */; };
		76A35C852BE49992005B7F9B /* Preview Assets.xcassets in Resources */ = {isa = PBXBuildFile; fileRef = 76A35C842BE49992005B7F9B /* Preview Assets.xcassets */; };
		76A35C8D2BE49AAA005B7F9B /* ComposableArchitecture in Frameworks */ = {isa = PBXBuildFile; productRef = 76A35C8C2BE49AAA005B7F9B /* ComposableArchitecture */; };
		76A35C902BE4A019005B7F9B /* BookListView.swift in Sources */ = {isa = PBXBuildFile; fileRef = 76A35C8F2BE4A019005B7F9B /* BookListView.swift */; };
		76A35C922BE4A602005B7F9B /* BookListReducer.swift in Sources */ = {isa = PBXBuildFile; fileRef = 76A35C912BE4A602005B7F9B /* BookListReducer.swift */; };
		76A35C952BE4A89F005B7F9B /* Book.swift in Sources */ = {isa = PBXBuildFile; fileRef = 76A35C942BE4A89F005B7F9B /* Book.swift */; };
		76A35C972BE4BE43005B7F9B /* Character.swift in Sources */ = {isa = PBXBuildFile; fileRef = 76A35C962BE4BE43005B7F9B /* Character.swift */; };
		76A35C9A2BE4BF63005B7F9B /* BookDetailReducer.swift in Sources */ = {isa = PBXBuildFile; fileRef = 76A35C992BE4BF63005B7F9B /* BookDetailReducer.swift */; };
/* End PBXBuildFile section */

/* Begin PBXFileReference section */
		76A35C7A2BE4998F005B7F9B /* BookListApp.app */ = {isa = PBXFileReference; explicitFileType = wrapper.application; includeInIndex = 0; path = BookListApp.app; sourceTree = BUILT_PRODUCTS_DIR; };
		76A35C7D2BE4998F005B7F9B /* BookListAppApp.swift */ = {isa = PBXFileReference; lastKnownFileType = sourcecode.swift; path = BookListAppApp.swift; sourceTree = "<group>"; };
		76A35C7F2BE4998F005B7F9B /* ContentView.swift */ = {isa = PBXFileReference; lastKnownFileType = sourcecode.swift; path = ContentView.swift; sourceTree = "<group>"; };
		76A35C812BE49992005B7F9B /* Assets.xcassets */ = {isa = PBXFileReference; lastKnownFileType = folder.assetcatalog; path = Assets.xcassets; sourceTree = "<group>"; };
		76A35C842BE49992005B7F9B /* Preview Assets.xcassets */ = {isa = PBXFileReference; lastKnownFileType = folder.assetcatalog; path = "Preview Assets.xcassets"; sourceTree = "<group>"; };
		76A35C8F2BE4A019005B7F9B /* BookListView.swift */ = {isa = PBXFileReference; lastKnownFileType = sourcecode.swift; path = BookListView.swift; sourceTree = "<group>"; };
		76A35C912BE4A602005B7F9B /* BookListReducer.swift */ = {isa = PBXFileReference; lastKnownFileType = sourcecode.swift; path = BookListReducer.swift; sourceTree = "<group>"; };
		76A35C942BE4A89F005B7F9B /* Book.swift */ = {isa = PBXFileReference; lastKnownFileType = sourcecode.swift; path = Book.swift; sourceTree = "<group>"; };
		76A35C962BE4BE43005B7F9B /* Character.swift */ = {isa = PBXFileReference; lastKnownFileType = sourcecode.swift; path = Character.swift; sourceTree = "<group>"; };
		76A35C992BE4BF63005B7F9B /* BookDetailReducer.swift */ = {isa = PBXFileReference; lastKnownFileType = sourcecode.swift; path = BookDetailReducer.swift; sourceTree = "<group>"; };
/* End PBXFileReference section */

/* Begin PBXFrameworksBuildPhase section */
		76A35C772BE4998F005B7F9B /* Frameworks */ = {
			isa = PBXFrameworksBuildPhase;
			buildActionMask = 2147483647;
			files = (
				76A35C8D2BE49AAA005B7F9B /* ComposableArchitecture in Frameworks */,
			);
			runOnlyForDeploymentPostprocessing = 0;
		};
/* End PBXFrameworksBuildPhase section */

/* Begin PBXGroup section */
		76A35C712BE4998F005B7F9B = {
			isa = PBXGroup;
			children = (
				76A35C7C2BE4998F005B7F9B /* BookListApp */,
				76A35C7B2BE4998F005B7F9B /* Products */,
			);
			sourceTree = "<group>";
		};
		76A35C7B2BE4998F005B7F9B /* Products */ = {
			isa = PBXGroup;
			children = (
				76A35C7A2BE4998F005B7F9B /* BookListApp.app */,
			);
			name = Products;
			sourceTree = "<group>";
		};
		76A35C7C2BE4998F005B7F9B /* BookListApp */ = {
			isa = PBXGroup;
			children = (
				76A35C982BE4BF4B005B7F9B /* BookDetailView */,
				76A35C8E2BE49FE0005B7F9B /* BookListView */,
				76A35C932BE4A883005B7F9B /* Data */,
				76A35C7D2BE4998F005B7F9B /* BookListAppApp.swift */,
				76A35C812BE49992005B7F9B /* Assets.xcassets */,
				76A35C832BE49992005B7F9B /* Preview Content */,
			);
			path = BookListApp;
			sourceTree = "<group>";
		};
		76A35C832BE49992005B7F9B /* Preview Content */ = {
			isa = PBXGroup;
			children = (
				76A35C842BE49992005B7F9B /* Preview Assets.xcassets */,
			);
			path = "Preview Content";
			sourceTree = "<group>";
		};
		76A35C8E2BE49FE0005B7F9B /* BookListView */ = {
			isa = PBXGroup;
			children = (
				76A35C7F2BE4998F005B7F9B /* ContentView.swift */,
				76A35C8F2BE4A019005B7F9B /* BookListView.swift */,
				76A35C912BE4A602005B7F9B /* BookListReducer.swift */,
			);
			path = BookListView;
			sourceTree = "<group>";
		};
		76A35C932BE4A883005B7F9B /* Data */ = {
			isa = PBXGroup;
			children = (
				76A35C942BE4A89F005B7F9B /* Book.swift */,
				76A35C962BE4BE43005B7F9B /* Character.swift */,
			);
			path = Data;
			sourceTree = "<group>";
		};
		76A35C982BE4BF4B005B7F9B /* BookDetailView */ = {
			isa = PBXGroup;
			children = (
				76A35C992BE4BF63005B7F9B /* BookDetailReducer.swift */,
			);
			path = BookDetailView;
			sourceTree = "<group>";
		};
/* End PBXGroup section */

/* Begin PBXNativeTarget section */
		76A35C792BE4998F005B7F9B /* BookListApp */ = {
			isa = PBXNativeTarget;
			buildConfigurationList = 76A35C882BE49992005B7F9B /* Build configuration list for PBXNativeTarget "BookListApp" */;
			buildPhases = (
				76A35C762BE4998F005B7F9B /* Sources */,
				76A35C772BE4998F005B7F9B /* Frameworks */,
				76A35C782BE4998F005B7F9B /* Resources */,
			);
			buildRules = (
			);
			dependencies = (
			);
			name = BookListApp;
			packageProductDependencies = (
				76A35C8C2BE49AAA005B7F9B /* ComposableArchitecture */,
			);
			productName = BookListApp;
			productReference = 76A35C7A2BE4998F005B7F9B /* BookListApp.app */;
			productType = "com.apple.product-type.application";
		};
/* End PBXNativeTarget section */

/* Begin PBXProject section */
		76A35C722BE4998F005B7F9B /* Project object */ = {
			isa = PBXProject;
			attributes = {
				BuildIndependentTargetsInParallel = 1;
				LastSwiftUpdateCheck = 1530;
				LastUpgradeCheck = 1530;
				TargetAttributes = {
					76A35C792BE4998F005B7F9B = {
						CreatedOnToolsVersion = 15.3;
					};
				};
			};
			buildConfigurationList = 76A35C752BE4998F005B7F9B /* Build configuration list for PBXProject "BookListApp" */;
			compatibilityVersion = "Xcode 14.0";
			developmentRegion = en;
			hasScannedForEncodings = 0;
			knownRegions = (
				en,
				Base,
			);
			mainGroup = 76A35C712BE4998F005B7F9B;
			packageReferences = (
				76A35C8B2BE49AAA005B7F9B /* XCRemoteSwiftPackageReference "swift-composable-architecture" */,
			);
			productRefGroup = 76A35C7B2BE4998F005B7F9B /* Products */;
			projectDirPath = "";
			projectRoot = "";
			targets = (
				76A35C792BE4998F005B7F9B /* BookListApp */,
			);
		};
/* End PBXProject section */

/* Begin PBXResourcesBuildPhase section */
		76A35C782BE4998F005B7F9B /* Resources */ = {
			isa = PBXResourcesBuildPhase;
			buildActionMask = 2147483647;
			files = (
				76A35C852BE49992005B7F9B /* Preview Assets.xcassets in Resources */,
				76A35C822BE49992005B7F9B /* Assets.xcassets in Resources */,
			);
			runOnlyForDeploymentPostprocessing = 0;
		};
/* End PBXResourcesBuildPhase section */

/* Begin PBXSourcesBuildPhase section */
		76A35C762BE4998F005B7F9B /* Sources */ = {
			isa = PBXSourcesBuildPhase;
			buildActionMask = 2147483647;
			files = (
				76A35C802BE4998F005B7F9B /* ContentView.swift in Sources */,
				76A35C922BE4A602005B7F9B /* BookListReducer.swift in Sources */,
				76A35C9A2BE4BF63005B7F9B /* BookDetailReducer.swift in Sources */,
				76A35C902BE4A019005B7F9B /* BookListView.swift in Sources */,
				76A35C972BE4BE43005B7F9B /* Character.swift in Sources */,
				76A35C952BE4A89F005B7F9B /* Book.swift in Sources */,
				76A35C7E2BE4998F005B7F9B /* BookListAppApp.swift in Sources */,
			);
			runOnlyForDeploymentPostprocessing = 0;
		};
/* End PBXSourcesBuildPhase section */

/* Begin XCBuildConfiguration section */
		76A35C862BE49992005B7F9B /* Debug */ = {
			isa = XCBuildConfiguration;
			buildSettings = {
				ALWAYS_SEARCH_USER_PATHS = NO;
				ASSETCATALOG_COMPILER_GENERATE_SWIFT_ASSET_SYMBOL_EXTENSIONS = YES;
				CLANG_ANALYZER_NONNULL = YES;
				CLANG_ANALYZER_NUMBER_OBJECT_CONVERSION = YES_AGGRESSIVE;
				CLANG_CXX_LANGUAGE_STANDARD = "gnu++20";
				CLANG_ENABLE_MODULES = YES;
				CLANG_ENABLE_OBJC_ARC = YES;
				CLANG_ENABLE_OBJC_WEAK = YES;
				CLANG_WARN_BLOCK_CAPTURE_AUTORELEASING = YES;
				CLANG_WARN_BOOL_CONVERSION = YES;
				CLANG_WARN_COMMA = YES;
				CLANG_WARN_CONSTANT_CONVERSION = YES;
				CLANG_WARN_DEPRECATED_OBJC_IMPLEMENTATIONS = YES;
				CLANG_WARN_DIRECT_OBJC_ISA_USAGE = YES_ERROR;
				CLANG_WARN_DOCUMENTATION_COMMENTS = YES;
				CLANG_WARN_EMPTY_BODY = YES;
				CLANG_WARN_ENUM_CONVERSION = YES;
				CLANG_WARN_INFINITE_RECURSION = YES;
				CLANG_WARN_INT_CONVERSION = YES;
				CLANG_WARN_NON_LITERAL_NULL_CONVERSION = YES;
				CLANG_WARN_OBJC_IMPLICIT_RETAIN_SELF = YES;
				CLANG_WARN_OBJC_LITERAL_CONVERSION = YES;
				CLANG_WARN_OBJC_ROOT_CLASS = YES_ERROR;
				CLANG_WARN_QUOTED_INCLUDE_IN_FRAMEWORK_HEADER = YES;
				CLANG_WARN_RANGE_LOOP_ANALYSIS = YES;
				CLANG_WARN_STRICT_PROTOTYPES = YES;
				CLANG_WARN_SUSPICIOUS_MOVE = YES;
				CLANG_WARN_UNGUARDED_AVAILABILITY = YES_AGGRESSIVE;
				CLANG_WARN_UNREACHABLE_CODE = YES;
				CLANG_WARN__DUPLICATE_METHOD_MATCH = YES;
				COPY_PHASE_STRIP = NO;
				DEBUG_INFORMATION_FORMAT = dwarf;
				ENABLE_STRICT_OBJC_MSGSEND = YES;
				ENABLE_TESTABILITY = YES;
				ENABLE_USER_SCRIPT_SANDBOXING = YES;
				GCC_C_LANGUAGE_STANDARD = gnu17;
				GCC_DYNAMIC_NO_PIC = NO;
				GCC_NO_COMMON_BLOCKS = YES;
				GCC_OPTIMIZATION_LEVEL = 0;
				GCC_PREPROCESSOR_DEFINITIONS = (
					"DEBUG=1",
					"$(inherited)",
				);
				GCC_WARN_64_TO_32_BIT_CONVERSION = YES;
				GCC_WARN_ABOUT_RETURN_TYPE = YES_ERROR;
				GCC_WARN_UNDECLARED_SELECTOR = YES;
				GCC_WARN_UNINITIALIZED_AUTOS = YES_AGGRESSIVE;
				GCC_WARN_UNUSED_FUNCTION = YES;
				GCC_WARN_UNUSED_VARIABLE = YES;
				IPHONEOS_DEPLOYMENT_TARGET = 17.0;
				LOCALIZATION_PREFERS_STRING_CATALOGS = YES;
				MTL_ENABLE_DEBUG_INFO = INCLUDE_SOURCE;
				MTL_FAST_MATH = YES;
				ONLY_ACTIVE_ARCH = YES;
				SDKROOT = iphoneos;
				SWIFT_ACTIVE_COMPILATION_CONDITIONS = "DEBUG $(inherited)";
				SWIFT_OPTIMIZATION_LEVEL = "-Onone";
			};
			name = Debug;
		};
		76A35C872BE49992005B7F9B /* Release */ = {
			isa = XCBuildConfiguration;
			buildSettings = {
				ALWAYS_SEARCH_USER_PATHS = NO;
				ASSETCATALOG_COMPILER_GENERATE_SWIFT_ASSET_SYMBOL_EXTENSIONS = YES;
				CLANG_ANALYZER_NONNULL = YES;
				CLANG_ANALYZER_NUMBER_OBJECT_CONVERSION = YES_AGGRESSIVE;
				CLANG_CXX_LANGUAGE_STANDARD = "gnu++20";
				CLANG_ENABLE_MODULES = YES;
				CLANG_ENABLE_OBJC_ARC = YES;
				CLANG_ENABLE_OBJC_WEAK = YES;
				CLANG_WARN_BLOCK_CAPTURE_AUTORELEASING = YES;
				CLANG_WARN_BOOL_CONVERSION = YES;
				CLANG_WARN_COMMA = YES;
				CLANG_WARN_CONSTANT_CONVERSION = YES;
				CLANG_WARN_DEPRECATED_OBJC_IMPLEMENTATIONS = YES;
				CLANG_WARN_DIRECT_OBJC_ISA_USAGE = YES_ERROR;
				CLANG_WARN_DOCUMENTATION_COMMENTS = YES;
				CLANG_WARN_EMPTY_BODY = YES;
				CLANG_WARN_ENUM_CONVERSION = YES;
				CLANG_WARN_INFINITE_RECURSION = YES;
				CLANG_WARN_INT_CONVERSION = YES;
				CLANG_WARN_NON_LITERAL_NULL_CONVERSION = YES;
				CLANG_WARN_OBJC_IMPLICIT_RETAIN_SELF = YES;
				CLANG_WARN_OBJC_LITERAL_CONVERSION = YES;
				CLANG_WARN_OBJC_ROOT_CLASS = YES_ERROR;
				CLANG_WARN_QUOTED_INCLUDE_IN_FRAMEWORK_HEADER = YES;
				CLANG_WARN_RANGE_LOOP_ANALYSIS = YES;
				CLANG_WARN_STRICT_PROTOTYPES = YES;
				CLANG_WARN_SUSPICIOUS_MOVE = YES;
				CLANG_WARN_UNGUARDED_AVAILABILITY = YES_AGGRESSIVE;
				CLANG_WARN_UNREACHABLE_CODE = YES;
				CLANG_WARN__DUPLICATE_METHOD_MATCH = YES;
				COPY_PHASE_STRIP = NO;
				DEBUG_INFORMATION_FORMAT = "dwarf-with-dsym";
				ENABLE_NS_ASSERTIONS = NO;
				ENABLE_STRICT_OBJC_MSGSEND = YES;
				ENABLE_USER_SCRIPT_SANDBOXING = YES;
				GCC_C_LANGUAGE_STANDARD = gnu17;
				GCC_NO_COMMON_BLOCKS = YES;
				GCC_WARN_64_TO_32_BIT_CONVERSION = YES;
				GCC_WARN_ABOUT_RETURN_TYPE = YES_ERROR;
				GCC_WARN_UNDECLARED_SELECTOR = YES;
				GCC_WARN_UNINITIALIZED_AUTOS = YES_AGGRESSIVE;
				GCC_WARN_UNUSED_FUNCTION = YES;
				GCC_WARN_UNUSED_VARIABLE = YES;
				IPHONEOS_DEPLOYMENT_TARGET = 17.0;
				LOCALIZATION_PREFERS_STRING_CATALOGS = YES;
				MTL_ENABLE_DEBUG_INFO = NO;
				MTL_FAST_MATH = YES;
				SDKROOT = iphoneos;
				SWIFT_COMPILATION_MODE = wholemodule;
				VALIDATE_PRODUCT = YES;
			};
			name = Release;
		};
		76A35C892BE49992005B7F9B /* Debug */ = {
			isa = XCBuildConfiguration;
			buildSettings = {
				ASSETCATALOG_COMPILER_APPICON_NAME = AppIcon;
				ASSETCATALOG_COMPILER_GLOBAL_ACCENT_COLOR_NAME = AccentColor;
				CODE_SIGN_STYLE = Automatic;
				CURRENT_PROJECT_VERSION = 1;
				DEVELOPMENT_ASSET_PATHS = "\"BookListApp/Preview Content\"";
				DEVELOPMENT_TEAM = 9YC7UP4F29;
				ENABLE_PREVIEWS = YES;
				GENERATE_INFOPLIST_FILE = YES;
				INFOPLIST_KEY_UIApplicationSceneManifest_Generation = YES;
				INFOPLIST_KEY_UIApplicationSupportsIndirectInputEvents = YES;
				INFOPLIST_KEY_UILaunchScreen_Generation = YES;
				INFOPLIST_KEY_UISupportedInterfaceOrientations_iPad = "UIInterfaceOrientationPortrait UIInterfaceOrientationPortraitUpsideDown UIInterfaceOrientationLandscapeLeft UIInterfaceOrientationLandscapeRight";
				INFOPLIST_KEY_UISupportedInterfaceOrientations_iPhone = "UIInterfaceOrientationPortrait UIInterfaceOrientationLandscapeLeft UIInterfaceOrientationLandscapeRight";
				LD_RUNPATH_SEARCH_PATHS = (
					"$(inherited)",
					"@executable_path/Frameworks",
				);
				MARKETING_VERSION = 1.0;
				PRODUCT_BUNDLE_IDENTIFIER = com.iOSMasterMind.BookListApp;
				PRODUCT_NAME = "$(TARGET_NAME)";
				SWIFT_EMIT_LOC_STRINGS = YES;
				SWIFT_VERSION = 5.0;
				TARGETED_DEVICE_FAMILY = "1,2";
			};
			name = Debug;
		};
		76A35C8A2BE49992005B7F9B /* Release */ = {
			isa = XCBuildConfiguration;
			buildSettings = {
				ASSETCATALOG_COMPILER_APPICON_NAME = AppIcon;
				ASSETCATALOG_COMPILER_GLOBAL_ACCENT_COLOR_NAME = AccentColor;
				CODE_SIGN_STYLE = Automatic;
				CURRENT_PROJECT_VERSION = 1;
				DEVELOPMENT_ASSET_PATHS = "\"BookListApp/Preview Content\"";
				DEVELOPMENT_TEAM = 9YC7UP4F29;
				ENABLE_PREVIEWS = YES;
				GENERATE_INFOPLIST_FILE = YES;
				INFOPLIST_KEY_UIApplicationSceneManifest_Generation = YES;
				INFOPLIST_KEY_UIApplicationSupportsIndirectInputEvents = YES;
				INFOPLIST_KEY_UILaunchScreen_Generation = YES;
				INFOPLIST_KEY_UISupportedInterfaceOrientations_iPad = "UIInterfaceOrientationPortrait UIInterfaceOrientationPortraitUpsideDown UIInterfaceOrientationLandscapeLeft UIInterfaceOrientationLandscapeRight";
				INFOPLIST_KEY_UISupportedInterfaceOrientations_iPhone = "UIInterfaceOrientationPortrait UIInterfaceOrientationLandscapeLeft UIInterfaceOrientationLandscapeRight";
				LD_RUNPATH_SEARCH_PATHS = (
					"$(inherited)",
					"@executable_path/Frameworks",
				);
				MARKETING_VERSION = 1.0;
				PRODUCT_BUNDLE_IDENTIFIER = com.iOSMasterMind.BookListApp;
				PRODUCT_NAME = "$(TARGET_NAME)";
				SWIFT_EMIT_LOC_STRINGS = YES;
				SWIFT_VERSION = 5.0;
				TARGETED_DEVICE_FAMILY = "1,2";
			};
			name = Release;
		};
/* End XCBuildConfiguration section */

/* Begin XCConfigurationList section */
		76A35C752BE4998F005B7F9B /* Build configuration list for PBXProject "BookListApp" */ = {
			isa = XCConfigurationList;
			buildConfigurations = (
				76A35C862BE49992005B7F9B /* Debug */,
				76A35C872BE49992005B7F9B /* Release */,
			);
			defaultConfigurationIsVisible = 0;
			defaultConfigurationName = Release;
		};
		76A35C882BE49992005B7F9B /* Build configuration list for PBXNativeTarget "BookListApp" */ = {
			isa = XCConfigurationList;
			buildConfigurations = (
				76A35C892BE49992005B7F9B /* Debug */,
				76A35C8A2BE49992005B7F9B /* Release */,
			);
			defaultConfigurationIsVisible = 0;
			defaultConfigurationName = Release;
		};
/* End XCConfigurationList section */

/* Begin XCRemoteSwiftPackageReference section */
		76A35C8B2BE49AAA005B7F9B /* XCRemoteSwiftPackageReference "swift-composable-architecture" */ = {
			isa = XCRemoteSwiftPackageReference;
			repositoryURL = "https://github.com/pointfreeco/swift-composable-architecture";
			requirement = {
				kind = upToNextMajorVersion;
				minimumVersion = 1.10.2;
			};
		};
/* End XCRemoteSwiftPackageReference section */

/* Begin XCSwiftPackageProductDependency section */
		76A35C8C2BE49AAA005B7F9B /* ComposableArchitecture */ = {
			isa = XCSwiftPackageProductDependency;
			package = 76A35C8B2BE49AAA005B7F9B /* XCRemoteSwiftPackageReference "swift-composable-architecture" */;
			productName = ComposableArchitecture;
		};
/* End XCSwiftPackageProductDependency section */
	};
	rootObject = 76A35C722BE4998F005B7F9B /* Project object */;
}
